
Microsoft Visual Studio Solution File, Format Version 12.00
# Visual Studio 14
VisualStudioVersion = 14.0.25420.1
MinimumVisualStudioVersion = 10.0.40219.1
Project("{2150E333-8FDC-42A3-9474-1A3956D46DE8}") = "src", "src", "{2F943127-F85D-4D00-82F0-FD1D14AA70B4}"
EndProject
Project("{2150E333-8FDC-42A3-9474-1A3956D46DE8}") = "Solution Items", "Solution Items", "{BD22A170-3C97-4AF0-B2C0-22B9AB8D1DB9}"
	ProjectSection(SolutionItems) = preProject
		global.json = global.json
	EndProjectSection
EndProject
Project("{8BB2217D-0F2D-49D1-97BC-3654ED321F3B}") = "BaiduEditorAspNetCore", "src\BaiduEditorAspNetCore\BaiduEditorAspNetCore.xproj", "{2A2398F4-CF41-4192-BA67-F3D0D5DA83BF}"
EndProject
Project("{8BB2217D-0F2D-49D1-97BC-3654ED321F3B}") = "BaiduEditorHandler", "src\BaiduEditorHandler\BaiduEditorHandler.xproj", "{E44F5B36-F2F6-4CED-81F0-3A364CD79FD2}"
EndProject
Global
	GlobalSection(SolutionConfigurationPlatforms) = preSolution
		Debug|Any CPU = Debug|Any CPU
		Release|Any CPU = Release|Any CPU
	EndGlobalSection
	GlobalSection(ProjectConfigurationPlatforms) = postSolution
		{2A2398F4-CF41-4192-BA67-F3D0D5DA83BF}.Debug|Any CPU.ActiveCfg = Debug|Any CPU
		{2A2398F4-CF41-4192-BA67-F3D0D5DA83BF}.Debug|Any CPU.Build.0 = Debug|Any CPU
		{2A2398F4-CF41-4192-BA67-F3D0D5DA83BF}.Release|Any CPU.ActiveCfg = Release|Any CPU
		{2A2398F4-CF41-4192-BA67-F3D0D5DA83BF}.Release|Any CPU.Build.0 = Release|Any CPU
		{E44F5B36-F2F6-4CED-81F0-3A364CD79FD2}.Debug|Any CPU.ActiveCfg = Debug|Any CPU
		{E44F5B36-F2F6-4CED-81F0-3A364CD79FD2}.Debug|Any CPU.Build.0 = Debug|Any CPU
		{E44F5B36-F2F6-4CED-81F0-3A364CD79FD2}.Release|Any CPU.ActiveCfg = Release|Any CPU
		{E44F5B36-F2F6-4CED-81F0-3A364CD79FD2}.Release|Any CPU.Build.0 = Release|Any CPU
	EndGlobalSection
	GlobalSection(SolutionProperties) = preSolution
		HideSolutionNode = FALSE
	EndGlobalSection
	GlobalSection(NestedProjects) = preSolution
		{2A2398F4-CF41-4192-BA67-F3D0D5DA83BF} = {2F943127-F85D-4D00-82F0-FD1D14AA70B4}
		{E44F5B36-F2F6-4CED-81F0-3A364CD79FD2} = {2F943127-F85D-4D00-82F0-FD1D14AA70B4}
	EndGlobalSection
EndGlobal
